
Microsoft Visual Studio Solution File, Format Version 12.00
# Visual Studio Version 17
VisualStudioVersion = 17.9.34728.123
MinimumVisualStudioVersion = 10.0.40219.1
Project("{FAE04EC0-301F-11D3-BF4B-00C04F79EFBC}") = "PlanVal", "PlanVal\PlanVal.csproj", "{8A2B60FC-9147-44A6-9913-A9EFC5E5C614}"
EndProject
Global
	GlobalSection(SolutionConfigurationPlatforms) = preSolution
		Debug|Any CPU = Debug|Any CPU
		Release|Any CPU = Release|Any CPU
	EndGlobalSection
	GlobalSection(ProjectConfigurationPlatforms) = postSolution
		{8A2B60FC-9147-44A6-9913-A9EFC5E5C614}.Debug|Any CPU.ActiveCfg = Debug|Any CPU
		{8A2B60FC-9147-44A6-9913-A9EFC5E5C614}.Debug|Any CPU.Build.0 = Debug|Any CPU
		{8A2B60FC-9147-44A6-9913-A9EFC5E5C614}.Release|Any CPU.ActiveCfg = Release|Any CPU
		{8A2B60FC-9147-44A6-9913-A9EFC5E5C614}.Release|Any CPU.Build.0 = Release|Any CPU
	EndGlobalSection
	GlobalSection(SolutionProperties) = preSolution
		HideSolutionNode = FALSE
	EndGlobalSection
	GlobalSection(ExtensibilityGlobals) = postSolution
		SolutionGuid = {53DD8057-6402-48B8-8147-1F658AC1F28E}
	EndGlobalSection
EndGlobal
